{
  "https://qkkh860lhbovjaqg.public.blob.vercel-storage.com/python_1-4EAf9UhPufiyYiBmSuI1JjY6n9aWAO.mp4": { "integrity": "sha512-4JOrjo5IVW6nA9a2M9SXjv0L+f2NT/a3ObV7xvZl7weKhLrfuTCWciSkuo6dk7k9RVvmenv4GtyBjx6Aj65VHw==", "contentType": "video/mp4" },
  "https://qkkh860lhbovjaqg.public.blob.vercel-storage.com/videos/python_1-4EAf9UhPufiyYiBmSuI1JjY6n9aWAO-AkhYQl1tmzVkDfXFgdyEFVwuTI6Upv.mp4": { "integrity": "sha512-4JOrjo5IVW6nA9a2M9SXjv0L+f2NT/a3ObV7xvZl7weKhLrfuTCWciSkuo6dk7k9RVvmenv4GtyBjx6Aj65VHw==", "contentType": "video/mp4" },
  "version": 1
}
